schema: '2.0'
stages:
  get_data:
    cmd: python scripts/data.py
    deps:
    - path: scripts/data.py
      hash: md5
      md5: 9a8c63bfa917896a75e427dfa7993fe0
      size: 1708
    params:
      params.yaml:
        index_col: customer_id
    outs:
    - path: data/initial_data.csv
      hash: md5
      md5: 487948886135418e289ab228d3ecf1ab
      size: 827241
      cloud:
        yandex_pract_storage:
          etag: 487948886135418e289ab228d3ecf1ab
          version_id: 0006372374BC7775
  fit_model:
    cmd: python scripts/fit.py
    deps:
    - path: data/initial_data.csv
      hash: md5
      md5: 487948886135418e289ab228d3ecf1ab
      size: 827241
    - path: scripts/fit.py
      hash: md5
      md5: 997ef29ab49128f5454020a44d778769
      size: 1992
    params:
      params.yaml:
        auto_class_weights: Balanced
        index_col: customer_id
        one_hot_drop: if_binary
        target_col: target
    outs:
    - path: models/fitted_model.pkl
      hash: md5
      md5: d61d99da901a7bd2b6dd63a4aae83128
      size: 1100687
      cloud:
        yandex_pract_storage:
          etag: d61d99da901a7bd2b6dd63a4aae83128
          version_id: 0006372374BB9674
  evaluate_model:
    cmd: python scripts/evaluate.py
    deps:
    - path: models/fitted_model.pkl
      hash: md5
      md5: d61d99da901a7bd2b6dd63a4aae83128
      size: 1100687
    - path: scripts/evaluate.py
      hash: md5
      md5: 39e7c95ccda98af333a75d43eb0a461d
      size: 1375
    params:
      params.yaml:
        index_col: customer_id
        metrics:
        - f1
        - roc_auc
        n_jobs: -1
        n_splits: 5
        target_col: target
    outs:
    - path: cv_results/cv_res.json
      hash: md5
      md5: ca6fb95ba7d02e8e6ab7410bcbaebe96
      size: 78
      cloud:
        yandex_pract_storage:
          etag: ca6fb95ba7d02e8e6ab7410bcbaebe96
          version_id: 0006372374BC3CCD
