schema: '2.0'
stages:
  get_data:
    cmd: python scripts/data.py
    deps:
    - path: scripts/data.py
      hash: md5
      md5: d9c6a51af135ec61b304dd94782ea43a
      size: 1713
    params:
      params.yaml:
        index_col: customer_id
        retrain: true
    outs:
    - path: data/initial_data.csv
      hash: md5
      md5: 487948886135418e289ab228d3ecf1ab
      size: 827241
      cloud:
        yandex_pract_storage:
          etag: 487948886135418e289ab228d3ecf1ab
          version_id: 0006372374BC7775
  fit_model:
    cmd: python scripts/fit.py
    deps:
    - path: data/initial_data.csv
      hash: md5
      md5: 487948886135418e289ab228d3ecf1ab
      size: 827241
    - path: scripts/fit.py
      hash: md5
      md5: 16a45977269fabbf09ebb99d034a40d6
      size: 1997
    params:
      params.yaml:
        auto_class_weights: Balanced
        index_col: customer_id
        one_hot_drop: if_binary
        retrain: true
        target_col: target
    outs:
    - path: models/fitted_model.pkl
      hash: md5
      md5: e5021af9ea8338e2a133468ad748c929
      size: 1100687
  evaluate_model:
    cmd: python scripts/evaluate.py
    deps:
    - path: models/fitted_model.pkl
      hash: md5
      md5: e5021af9ea8338e2a133468ad748c929
      size: 1100687
    - path: scripts/evaluate.py
      hash: md5
      md5: a20a38359a2916b1957a42bd051002e0
      size: 1407
    params:
      params.yaml:
        index_col: customer_id
        metrics:
        - f1
        - roc_auc
        n_jobs: -1
        n_splits: 5
        retrain: true
        target_col: target
    outs:
    - path: cv_results/cv_res.json
      hash: md5
      md5: 29d9fcc7918c8024317afbd7a5538ecc
      size: 78
